
Microsoft Visual Studio Solution File, Format Version 12.00
# Visual Studio 14
VisualStudioVersion = 14.0.25420.1
MinimumVisualStudioVersion = 10.0.40219.1
Project("{FAE04EC0-301F-11D3-BF4B-00C04F79EFBC}") = "GoldenCrosser", "GoldenCrosser\GoldenCrosser.csproj", "{FB8C5A9B-92A1-4C1F-9D9A-5C3565F5DFA4}"
EndProject
Global
	GlobalSection(SolutionConfigurationPlatforms) = preSolution
		Debug|Any CPU = Debug|Any CPU
		Release|Any CPU = Release|Any CPU
	EndGlobalSection
	GlobalSection(ProjectConfigurationPlatforms) = postSolution
		{FB8C5A9B-92A1-4C1F-9D9A-5C3565F5DFA4}.Debug|Any CPU.ActiveCfg = Debug|Any CPU
		{FB8C5A9B-92A1-4C1F-9D9A-5C3565F5DFA4}.Debug|Any CPU.Build.0 = Debug|Any CPU
		{FB8C5A9B-92A1-4C1F-9D9A-5C3565F5DFA4}.Release|Any CPU.ActiveCfg = Release|Any CPU
		{FB8C5A9B-92A1-4C1F-9D9A-5C3565F5DFA4}.Release|Any CPU.Build.0 = Release|Any CPU
	EndGlobalSection
	GlobalSection(SolutionProperties) = preSolution
		HideSolutionNode = FALSE
	EndGlobalSection
EndGlobal
